Microsoft Visual Studio Solution File, Format Version 8.00
Project("{FAE04EC0-301F-11D3-BF4B-00C04F79EFBC}") = "MSNMessageLibrary", "MSNMessageLibrary.csproj", "{E5E25FF1-25E4-43F8-A85C-5C96EBA9EA4A}"
	ProjectSection(ProjectDependencies) = postProject
	EndProjectSection
EndProject
Global
	GlobalSection(SolutionConfiguration) = preSolution
		Debug = Debug
		Release = Release
	EndGlobalSection
	GlobalSection(ProjectConfiguration) = postSolution
		{E5E25FF1-25E4-43F8-A85C-5C96EBA9EA4A}.Debug.ActiveCfg = Debug|.NET
		{E5E25FF1-25E4-43F8-A85C-5C96EBA9EA4A}.Debug.Build.0 = Debug|.NET
		{E5E25FF1-25E4-43F8-A85C-5C96EBA9EA4A}.Release.ActiveCfg = Release|.NET
		{E5E25FF1-25E4-43F8-A85C-5C96EBA9EA4A}.Release.Build.0 = Release|.NET
	EndGlobalSection
	GlobalSection(ExtensibilityGlobals) = postSolution
	EndGlobalSection
	GlobalSection(ExtensibilityAddIns) = postSolution
	EndGlobalSection
EndGlobal
