Microsoft Visual Studio Solution File, Format Version 8.00
Project("{FAE04EC0-301F-11D3-BF4B-00C04F79EFBC}") = "MSNChatCombinator", "MSNChatCombinator.csproj", "{906A091B-2491-4CD2-B96F-B80243EF5148}"
	ProjectSection(ProjectDependencies) = postProject
	EndProjectSection
EndProject
Project("{FAE04EC0-301F-11D3-BF4B-00C04F79EFBC}") = "MSNMessageLibrary", "..\MSNMessageLibrary\MSNMessageLibrary.csproj", "{E5E25FF1-25E4-43F8-A85C-5C96EBA9EA4A}"
	ProjectSection(ProjectDependencies) = postProject
	EndProjectSection
EndProject
Project("{FAE04EC0-301F-11D3-BF4B-00C04F79EFBC}") = "MSNUnitTest", "..\MSNUnitTest\MSNUnitTest.csproj", "{CC1B82F2-20D8-4F48-83B9-C6918D55CBC4}"
	ProjectSection(ProjectDependencies) = postProject
	EndProjectSection
EndProject
Project("{FAE04EC0-301F-11D3-BF4B-00C04F79EFBC}") = "MSNUI", "..\MSNUI\MSNUI.csproj", "{56435A15-EDAC-4423-B892-FCD81ED60873}"
	ProjectSection(ProjectDependencies) = postProject
	EndProjectSection
EndProject
Global
	GlobalSection(SolutionConfiguration) = preSolution
		Debug = Debug
		Release = Release
	EndGlobalSection
	GlobalSection(ProjectConfiguration) = postSolution
		{906A091B-2491-4CD2-B96F-B80243EF5148}.Debug.ActiveCfg = Debug|.NET
		{906A091B-2491-4CD2-B96F-B80243EF5148}.Debug.Build.0 = Debug|.NET
		{906A091B-2491-4CD2-B96F-B80243EF5148}.Release.ActiveCfg = Release|.NET
		{906A091B-2491-4CD2-B96F-B80243EF5148}.Release.Build.0 = Release|.NET
		{E5E25FF1-25E4-43F8-A85C-5C96EBA9EA4A}.Debug.ActiveCfg = Debug|.NET
		{E5E25FF1-25E4-43F8-A85C-5C96EBA9EA4A}.Debug.Build.0 = Debug|.NET
		{E5E25FF1-25E4-43F8-A85C-5C96EBA9EA4A}.Release.ActiveCfg = Release|.NET
		{E5E25FF1-25E4-43F8-A85C-5C96EBA9EA4A}.Release.Build.0 = Release|.NET
		{CC1B82F2-20D8-4F48-83B9-C6918D55CBC4}.Debug.ActiveCfg = Debug|.NET
		{CC1B82F2-20D8-4F48-83B9-C6918D55CBC4}.Debug.Build.0 = Debug|.NET
		{CC1B82F2-20D8-4F48-83B9-C6918D55CBC4}.Release.ActiveCfg = Release|.NET
		{CC1B82F2-20D8-4F48-83B9-C6918D55CBC4}.Release.Build.0 = Release|.NET
		{56435A15-EDAC-4423-B892-FCD81ED60873}.Debug.ActiveCfg = Debug|.NET
		{56435A15-EDAC-4423-B892-FCD81ED60873}.Debug.Build.0 = Debug|.NET
		{56435A15-EDAC-4423-B892-FCD81ED60873}.Release.ActiveCfg = Release|.NET
		{56435A15-EDAC-4423-B892-FCD81ED60873}.Release.Build.0 = Release|.NET
	EndGlobalSection
	GlobalSection(ExtensibilityGlobals) = postSolution
	EndGlobalSection
	GlobalSection(ExtensibilityAddIns) = postSolution
	EndGlobalSection
EndGlobal
